// !$*UTF8*$!
{
	archiveVersion = 1;
	classes = {
	};
	objectVersion = 56;
	objects = {

/* Begin PBXBuildFile section */
		55BDE9532C038678001ADF3E /* natoursApp.swift in Sources */ = {isa = PBXBuildFile; fileRef = 55BDE9522C038678001ADF3E /* natoursApp.swift */; };
		55BDE9552C038678001ADF3E /* ContentView.swift in Sources */ = {isa = PBXBuildFile; fileRef = 55BDE9542C038678001ADF3E /* ContentView.swift */; };
		55BDE9572C038679001ADF3E /* Assets.xcassets in Resources */ = {isa = PBXBuildFile; fileRef = 55BDE9562C038679001ADF3E /* Assets.xcassets */; };
		55BDE95A2C038679001ADF3E /* Preview Assets.xcassets in Resources */ = {isa = PBXBuildFile; fileRef = 55BDE9592C038679001ADF3E /* Preview Assets.xcassets */; };
		55BDE9642C038679001ADF3E /* natoursTests.swift in Sources */ = {isa = PBXBuildFile; fileRef = 55BDE9632C038679001ADF3E /* natoursTests.swift */; };
		55BDE96E2C038679001ADF3E /* natoursUITests.swift in Sources */ = {isa = PBXBuildFile; fileRef = 55BDE96D2C038679001ADF3E /* natoursUITests.swift */; };
		55BDE9702C038679001ADF3E /* natoursUITestsLaunchTests.swift in Sources */ = {isa = PBXBuildFile; fileRef = 55BDE96F2C038679001ADF3E /* natoursUITestsLaunchTests.swift */; };
		55BDE97D2C03924D001ADF3E /* UserResponse.swift in Sources */ = {isa = PBXBuildFile; fileRef = 55BDE97C2C03924D001ADF3E /* UserResponse.swift */; };
		55BDE97F2C03926C001ADF3E /* NetworkManager.swift in Sources */ = {isa = PBXBuildFile; fileRef = 55BDE97E2C03926C001ADF3E /* NetworkManager.swift */; };
		55BDE9812C0393EB001ADF3E /* HomeView.swift in Sources */ = {isa = PBXBuildFile; fileRef = 55BDE9802C0393EB001ADF3E /* HomeView.swift */; };
		55BDE9832C0395F7001ADF3E /* LoginView.swift in Sources */ = {isa = PBXBuildFile; fileRef = 55BDE9822C0395F7001ADF3E /* LoginView.swift */; };
		55BDE9852C039622001ADF3E /* SignupView.swift in Sources */ = {isa = PBXBuildFile; fileRef = 55BDE9842C039622001ADF3E /* SignupView.swift */; };
		55C89AC92C0CF80E0095C794 /* ToursView.swift in Sources */ = {isa = PBXBuildFile; fileRef = 55C89AC82C0CF80E0095C794 /* ToursView.swift */; };
		55C89ACB2C0CF8D00095C794 /* TourViewModel.swift in Sources */ = {isa = PBXBuildFile; fileRef = 55C89ACA2C0CF8D00095C794 /* TourViewModel.swift */; };
		55C89ACD2C0CF9070095C794 /* Tour.swift in Sources */ = {isa = PBXBuildFile; fileRef = 55C89ACC2C0CF9070095C794 /* Tour.swift */; };
		55C89ACF2C0CF9460095C794 /* BookingFormView.swift in Sources */ = {isa = PBXBuildFile; fileRef = 55C89ACE2C0CF9460095C794 /* BookingFormView.swift */; };
		55C89AD12C0CFBFE0095C794 /* BookingView.swift in Sources */ = {isa = PBXBuildFile; fileRef = 55C89AD02C0CFBFE0095C794 /* BookingView.swift */; };
/* End PBXBuildFile section */

/* Begin PBXContainerItemProxy section */
		55BDE9602C038679001ADF3E /* PBXContainerItemProxy */ = {
			isa = PBXContainerItemProxy;
			containerPortal = 55BDE9472C038678001ADF3E /* Project object */;
			proxyType = 1;
			remoteGlobalIDString = 55BDE94E2C038678001ADF3E;
			remoteInfo = natours;
		};
		55BDE96A2C038679001ADF3E /* PBXContainerItemProxy */ = {
			isa = PBXContainerItemProxy;
			containerPortal = 55BDE9472C038678001ADF3E /* Project object */;
			proxyType = 1;
			remoteGlobalIDString = 55BDE94E2C038678001ADF3E;
			remoteInfo = natours;
		};
/* End PBXContainerItemProxy section */

/* Begin PBXFileReference section */
		55BDE94F2C038678001ADF3E /* natours.app */ = {isa = PBXFileReference; explicitFileType = wrapper.application; includeInIndex = 0; path = natours.app; sourceTree = BUILT_PRODUCTS_DIR; };
		55BDE9522C038678001ADF3E /* natoursApp.swift */ = {isa = PBXFileReference; lastKnownFileType = sourcecode.swift; path = natoursApp.swift; sourceTree = "<group>"; };
		55BDE9542C038678001ADF3E /* ContentView.swift */ = {isa = PBXFileReference; lastKnownFileType = sourcecode.swift; path = ContentView.swift; sourceTree = "<group>"; };
		55BDE9562C038679001ADF3E /* Assets.xcassets */ = {isa = PBXFileReference; lastKnownFileType = folder.assetcatalog; path = Assets.xcassets; sourceTree = "<group>"; };
		55BDE9592C038679001ADF3E /* Preview Assets.xcassets */ = {isa = PBXFileReference; lastKnownFileType = folder.assetcatalog; path = "Preview Assets.xcassets"; sourceTree = "<group>"; };
		55BDE95F2C038679001ADF3E /* natoursTests.xctest */ = {isa = PBXFileReference; explicitFileType = wrapper.cfbundle; includeInIndex = 0; path = natoursTests.xctest; sourceTree = BUILT_PRODUCTS_DIR; };
		55BDE9632C038679001ADF3E /* natoursTests.swift */ = {isa = PBXFileReference; lastKnownFileType = sourcecode.swift; path = natoursTests.swift; sourceTree = "<group>"; };
		55BDE9692C038679001ADF3E /* natoursUITests.xctest */ = {isa = PBXFileReference; explicitFileType = wrapper.cfbundle; includeInIndex = 0; path = natoursUITests.xctest; sourceTree = BUILT_PRODUCTS_DIR; };
		55BDE96D2C038679001ADF3E /* natoursUITests.swift */ = {isa = PBXFileReference; lastKnownFileType = sourcecode.swift; path = natoursUITests.swift; sourceTree = "<group>"; };
		55BDE96F2C038679001ADF3E /* natoursUITestsLaunchTests.swift */ = {isa = PBXFileReference; lastKnownFileType = sourcecode.swift; path = natoursUITestsLaunchTests.swift; sourceTree = "<group>"; };
		55BDE97C2C03924D001ADF3E /* UserResponse.swift */ = {isa = PBXFileReference; lastKnownFileType = sourcecode.swift; path = UserResponse.swift; sourceTree = "<group>"; };
		55BDE97E2C03926C001ADF3E /* NetworkManager.swift */ = {isa = PBXFileReference; lastKnownFileType = sourcecode.swift; path = NetworkManager.swift; sourceTree = "<group>"; };
		55BDE9802C0393EB001ADF3E /* HomeView.swift */ = {isa = PBXFileReference; lastKnownFileType = sourcecode.swift; path = HomeView.swift; sourceTree = "<group>"; };
		55BDE9822C0395F7001ADF3E /* LoginView.swift */ = {isa = PBXFileReference; lastKnownFileType = sourcecode.swift; path = LoginView.swift; sourceTree = "<group>"; };
		55BDE9842C039622001ADF3E /* SignupView.swift */ = {isa = PBXFileReference; lastKnownFileType = sourcecode.swift; path = SignupView.swift; sourceTree = "<group>"; };
		55C89AC82C0CF80E0095C794 /* ToursView.swift */ = {isa = PBXFileReference; lastKnownFileType = sourcecode.swift; path = ToursView.swift; sourceTree = "<group>"; };
		55C89ACA2C0CF8D00095C794 /* TourViewModel.swift */ = {isa = PBXFileReference; lastKnownFileType = sourcecode.swift; path = TourViewModel.swift; sourceTree = "<group>"; };
		55C89ACC2C0CF9070095C794 /* Tour.swift */ = {isa = PBXFileReference; lastKnownFileType = sourcecode.swift; path = Tour.swift; sourceTree = "<group>"; };
		55C89ACE2C0CF9460095C794 /* BookingFormView.swift */ = {isa = PBXFileReference; lastKnownFileType = sourcecode.swift; path = BookingFormView.swift; sourceTree = "<group>"; };
		55C89AD02C0CFBFE0095C794 /* BookingView.swift */ = {isa = PBXFileReference; lastKnownFileType = sourcecode.swift; path = BookingView.swift; sourceTree = "<group>"; };
/* End PBXFileReference section */

/* Begin PBXFrameworksBuildPhase section */
		55BDE94C2C038678001ADF3E /* Frameworks */ = {
			isa = PBXFrameworksBuildPhase;
			buildActionMask = 2147483647;
			files = (
			);
			runOnlyForDeploymentPostprocessing = 0;
		};
		55BDE95C2C038679001ADF3E /* Frameworks */ = {
			isa = PBXFrameworksBuildPhase;
			buildActionMask = 2147483647;
			files = (
			);
			runOnlyForDeploymentPostprocessing = 0;
		};
		55BDE9662C038679001ADF3E /* Frameworks */ = {
			isa = PBXFrameworksBuildPhase;
			buildActionMask = 2147483647;
			files = (
			);
			runOnlyForDeploymentPostprocessing = 0;
		};
/* End PBXFrameworksBuildPhase section */

/* Begin PBXGroup section */
		55BDE9462C038677001ADF3E = {
			isa = PBXGroup;
			children = (
				55BDE9512C038678001ADF3E /* natours */,
				55BDE9622C038679001ADF3E /* natoursTests */,
				55BDE96C2C038679001ADF3E /* natoursUITests */,
				55BDE9502C038678001ADF3E /* Products */,
			);
			sourceTree = "<group>";
		};
		55BDE9502C038678001ADF3E /* Products */ = {
			isa = PBXGroup;
			children = (
				55BDE94F2C038678001ADF3E /* natours.app */,
				55BDE95F2C038679001ADF3E /* natoursTests.xctest */,
				55BDE9692C038679001ADF3E /* natoursUITests.xctest */,
			);
			name = Products;
			sourceTree = "<group>";
		};
		55BDE9512C038678001ADF3E /* natours */ = {
			isa = PBXGroup;
			children = (
				55BDE9522C038678001ADF3E /* natoursApp.swift */,
				55BDE9542C038678001ADF3E /* ContentView.swift */,
				55BDE9562C038679001ADF3E /* Assets.xcassets */,
				55BDE9582C038679001ADF3E /* Preview Content */,
				55BDE97C2C03924D001ADF3E /* UserResponse.swift */,
				55BDE97E2C03926C001ADF3E /* NetworkManager.swift */,
				55BDE9802C0393EB001ADF3E /* HomeView.swift */,
				55BDE9822C0395F7001ADF3E /* LoginView.swift */,
				55BDE9842C039622001ADF3E /* SignupView.swift */,
				55C89AC82C0CF80E0095C794 /* ToursView.swift */,
				55C89ACA2C0CF8D00095C794 /* TourViewModel.swift */,
				55C89ACC2C0CF9070095C794 /* Tour.swift */,
				55C89ACE2C0CF9460095C794 /* BookingFormView.swift */,
				55C89AD02C0CFBFE0095C794 /* BookingView.swift */,
			);
			path = natours;
			sourceTree = "<group>";
		};
		55BDE9582C038679001ADF3E /* Preview Content */ = {
			isa = PBXGroup;
			children = (
				55BDE9592C038679001ADF3E /* Preview Assets.xcassets */,
			);
			path = "Preview Content";
			sourceTree = "<group>";
		};
		55BDE9622C038679001ADF3E /* natoursTests */ = {
			isa = PBXGroup;
			children = (
				55BDE9632C038679001ADF3E /* natoursTests.swift */,
			);
			path = natoursTests;
			sourceTree = "<group>";
		};
		55BDE96C2C038679001ADF3E /* natoursUITests */ = {
			isa = PBXGroup;
			children = (
				55BDE96D2C038679001ADF3E /* natoursUITests.swift */,
				55BDE96F2C038679001ADF3E /* natoursUITestsLaunchTests.swift */,
			);
			path = natoursUITests;
			sourceTree = "<group>";
		};
/* End PBXGroup section */

/* Begin PBXNativeTarget section */
		55BDE94E2C038678001ADF3E /* natours */ = {
			isa = PBXNativeTarget;
			buildConfigurationList = 55BDE9732C038679001ADF3E /* Build configuration list for PBXNativeTarget "natours" */;
			buildPhases = (
				55BDE94B2C038678001ADF3E /* Sources */,
				55BDE94C2C038678001ADF3E /* Frameworks */,
				55BDE94D2C038678001ADF3E /* Resources */,
			);
			buildRules = (
			);
			dependencies = (
			);
			name = natours;
			productName = natours;
			productReference = 55BDE94F2C038678001ADF3E /* natours.app */;
			productType = "com.apple.product-type.application";
		};
		55BDE95E2C038679001ADF3E /* natoursTests */ = {
			isa = PBXNativeTarget;
			buildConfigurationList = 55BDE9762C038679001ADF3E /* Build configuration list for PBXNativeTarget "natoursTests" */;
			buildPhases = (
				55BDE95B2C038679001ADF3E /* Sources */,
				55BDE95C2C038679001ADF3E /* Frameworks */,
				55BDE95D2C038679001ADF3E /* Resources */,
			);
			buildRules = (
			);
			dependencies = (
				55BDE9612C038679001ADF3E /* PBXTargetDependency */,
			);
			name = natoursTests;
			productName = natoursTests;
			productReference = 55BDE95F2C038679001ADF3E /* natoursTests.xctest */;
			productType = "com.apple.product-type.bundle.unit-test";
		};
		55BDE9682C038679001ADF3E /* natoursUITests */ = {
			isa = PBXNativeTarget;
			buildConfigurationList = 55BDE9792C038679001ADF3E /* Build configuration list for PBXNativeTarget "natoursUITests" */;
			buildPhases = (
				55BDE9652C038679001ADF3E /* Sources */,
				55BDE9662C038679001ADF3E /* Frameworks */,
				55BDE9672C038679001ADF3E /* Resources */,
			);
			buildRules = (
			);
			dependencies = (
				55BDE96B2C038679001ADF3E /* PBXTargetDependency */,
			);
			name = natoursUITests;
			productName = natoursUITests;
			productReference = 55BDE9692C038679001ADF3E /* natoursUITests.xctest */;
			productType = "com.apple.product-type.bundle.ui-testing";
		};
/* End PBXNativeTarget section */

/* Begin PBXProject section */
		55BDE9472C038678001ADF3E /* Project object */ = {
			isa = PBXProject;
			attributes = {
				BuildIndependentTargetsInParallel = 1;
				LastSwiftUpdateCheck = 1500;
				LastUpgradeCheck = 1500;
				TargetAttributes = {
					55BDE94E2C038678001ADF3E = {
						CreatedOnToolsVersion = 15.0.1;
					};
					55BDE95E2C038679001ADF3E = {
						CreatedOnToolsVersion = 15.0.1;
						TestTargetID = 55BDE94E2C038678001ADF3E;
					};
					55BDE9682C038679001ADF3E = {
						CreatedOnToolsVersion = 15.0.1;
						TestTargetID = 55BDE94E2C038678001ADF3E;
					};
				};
			};
			buildConfigurationList = 55BDE94A2C038678001ADF3E /* Build configuration list for PBXProject "natours" */;
			compatibilityVersion = "Xcode 14.0";
			developmentRegion = en;
			hasScannedForEncodings = 0;
			knownRegions = (
				en,
				Base,
			);
			mainGroup = 55BDE9462C038677001ADF3E;
			productRefGroup = 55BDE9502C038678001ADF3E /* Products */;
			projectDirPath = "";
			projectRoot = "";
			targets = (
				55BDE94E2C038678001ADF3E /* natours */,
				55BDE95E2C038679001ADF3E /* natoursTests */,
				55BDE9682C038679001ADF3E /* natoursUITests */,
			);
		};
/* End PBXProject section */

/* Begin PBXResourcesBuildPhase section */
		55BDE94D2C038678001ADF3E /* Resources */ = {
			isa = PBXResourcesBuildPhase;
			buildActionMask = 2147483647;
			files = (
				55BDE95A2C038679001ADF3E /* Preview Assets.xcassets in Resources */,
				55BDE9572C038679001ADF3E /* Assets.xcassets in Resources */,
			);
			runOnlyForDeploymentPostprocessing = 0;
		};
		55BDE95D2C038679001ADF3E /* Resources */ = {
			isa = PBXResourcesBuildPhase;
			buildActionMask = 2147483647;
			files = (
			);
			runOnlyForDeploymentPostprocessing = 0;
		};
		55BDE9672C038679001ADF3E /* Resources */ = {
			isa = PBXResourcesBuildPhase;
			buildActionMask = 2147483647;
			files = (
			);
			runOnlyForDeploymentPostprocessing = 0;
		};
/* End PBXResourcesBuildPhase section */

/* Begin PBXSourcesBuildPhase section */
		55BDE94B2C038678001ADF3E /* Sources */ = {
			isa = PBXSourcesBuildPhase;
			buildActionMask = 2147483647;
			files = (
				55C89AD12C0CFBFE0095C794 /* BookingView.swift in Sources */,
				55BDE9852C039622001ADF3E /* SignupView.swift in Sources */,
				55BDE9832C0395F7001ADF3E /* LoginView.swift in Sources */,
				55C89AC92C0CF80E0095C794 /* ToursView.swift in Sources */,
				55C89ACD2C0CF9070095C794 /* Tour.swift in Sources */,
				55BDE97F2C03926C001ADF3E /* NetworkManager.swift in Sources */,
				55BDE9552C038678001ADF3E /* ContentView.swift in Sources */,
				55BDE9532C038678001ADF3E /* natoursApp.swift in Sources */,
				55BDE9812C0393EB001ADF3E /* HomeView.swift in Sources */,
				55C89ACF2C0CF9460095C794 /* BookingFormView.swift in Sources */,
				55C89ACB2C0CF8D00095C794 /* TourViewModel.swift in Sources */,
				55BDE97D2C03924D001ADF3E /* UserResponse.swift in Sources */,
			);
			runOnlyForDeploymentPostprocessing = 0;
		};
		55BDE95B2C038679001ADF3E /* Sources */ = {
			isa = PBXSourcesBuildPhase;
			buildActionMask = 2147483647;
			files = (
				55BDE9642C038679001ADF3E /* natoursTests.swift in Sources */,
			);
			runOnlyForDeploymentPostprocessing = 0;
		};
		55BDE9652C038679001ADF3E /* Sources */ = {
			isa = PBXSourcesBuildPhase;
			buildActionMask = 2147483647;
			files = (
				55BDE96E2C038679001ADF3E /* natoursUITests.swift in Sources */,
				55BDE9702C038679001ADF3E /* natoursUITestsLaunchTests.swift in Sources */,
			);
			runOnlyForDeploymentPostprocessing = 0;
		};
/* End PBXSourcesBuildPhase section */

/* Begin PBXTargetDependency section */
		55BDE9612C038679001ADF3E /* PBXTargetDependency */ = {
			isa = PBXTargetDependency;
			target = 55BDE94E2C038678001ADF3E /* natours */;
			targetProxy = 55BDE9602C038679001ADF3E /* PBXContainerItemProxy */;
		};
		55BDE96B2C038679001ADF3E /* PBXTargetDependency */ = {
			isa = PBXTargetDependency;
			target = 55BDE94E2C038678001ADF3E /* natours */;
			targetProxy = 55BDE96A2C038679001ADF3E /* PBXContainerItemProxy */;
		};
/* End PBXTargetDependency section */

/* Begin XCBuildConfiguration section */
		55BDE9712C038679001ADF3E /* Debug */ = {
			isa = XCBuildConfiguration;
			buildSettings = {
				ALWAYS_SEARCH_USER_PATHS = NO;
				ASSETCATALOG_COMPILER_GENERATE_SWIFT_ASSET_SYMBOL_EXTENSIONS = YES;
				CLANG_ANALYZER_NONNULL = YES;
				CLANG_ANALYZER_NUMBER_OBJECT_CONVERSION = YES_AGGRESSIVE;
				CLANG_CXX_LANGUAGE_STANDARD = "gnu++20";
				CLANG_ENABLE_MODULES = YES;
				CLANG_ENABLE_OBJC_ARC = YES;
				CLANG_ENABLE_OBJC_WEAK = YES;
				CLANG_WARN_BLOCK_CAPTURE_AUTORELEASING = YES;
				CLANG_WARN_BOOL_CONVERSION = YES;
				CLANG_WARN_COMMA = YES;
				CLANG_WARN_CONSTANT_CONVERSION = YES;
				CLANG_WARN_DEPRECATED_OBJC_IMPLEMENTATIONS = YES;
				CLANG_WARN_DIRECT_OBJC_ISA_USAGE = YES_ERROR;
				CLANG_WARN_DOCUMENTATION_COMMENTS = YES;
				CLANG_WARN_EMPTY_BODY = YES;
				CLANG_WARN_ENUM_CONVERSION = YES;
				CLANG_WARN_INFINITE_RECURSION = YES;
				CLANG_WARN_INT_CONVERSION = YES;
				CLANG_WARN_NON_LITERAL_NULL_CONVERSION = YES;
				CLANG_WARN_OBJC_IMPLICIT_RETAIN_SELF = YES;
				CLANG_WARN_OBJC_LITERAL_CONVERSION = YES;
				CLANG_WARN_OBJC_ROOT_CLASS = YES_ERROR;
				CLANG_WARN_QUOTED_INCLUDE_IN_FRAMEWORK_HEADER = YES;
				CLANG_WARN_RANGE_LOOP_ANALYSIS = YES;
				CLANG_WARN_STRICT_PROTOTYPES = YES;
				CLANG_WARN_SUSPICIOUS_MOVE = YES;
				CLANG_WARN_UNGUARDED_AVAILABILITY = YES_AGGRESSIVE;
				CLANG_WARN_UNREACHABLE_CODE = YES;
				CLANG_WARN__DUPLICATE_METHOD_MATCH = YES;
				COPY_PHASE_STRIP = NO;
				DEBUG_INFORMATION_FORMAT = dwarf;
				ENABLE_STRICT_OBJC_MSGSEND = YES;
				ENABLE_TESTABILITY = YES;
				ENABLE_USER_SCRIPT_SANDBOXING = YES;
				GCC_C_LANGUAGE_STANDARD = gnu17;
				GCC_DYNAMIC_NO_PIC = NO;
				GCC_NO_COMMON_BLOCKS = YES;
				GCC_OPTIMIZATION_LEVEL = 0;
				GCC_PREPROCESSOR_DEFINITIONS = (
					"DEBUG=1",
					"$(inherited)",
				);
				GCC_WARN_64_TO_32_BIT_CONVERSION = YES;
				GCC_WARN_ABOUT_RETURN_TYPE = YES_ERROR;
				GCC_WARN_UNDECLARED_SELECTOR = YES;
				GCC_WARN_UNINITIALIZED_AUTOS = YES_AGGRESSIVE;
				GCC_WARN_UNUSED_FUNCTION = YES;
				GCC_WARN_UNUSED_VARIABLE = YES;
				IPHONEOS_DEPLOYMENT_TARGET = 17.0;
				LOCALIZATION_PREFERS_STRING_CATALOGS = YES;
				MTL_ENABLE_DEBUG_INFO = INCLUDE_SOURCE;
				MTL_FAST_MATH = YES;
				ONLY_ACTIVE_ARCH = YES;
				SDKROOT = iphoneos;
				SWIFT_ACTIVE_COMPILATION_CONDITIONS = "DEBUG $(inherited)";
				SWIFT_OPTIMIZATION_LEVEL = "-Onone";
			};
			name = Debug;
		};
		55BDE9722C038679001ADF3E /* Release */ = {
			isa = XCBuildConfiguration;
			buildSettings = {
				ALWAYS_SEARCH_USER_PATHS = NO;
				ASSETCATALOG_COMPILER_GENERATE_SWIFT_ASSET_SYMBOL_EXTENSIONS = YES;
				CLANG_ANALYZER_NONNULL = YES;
				CLANG_ANALYZER_NUMBER_OBJECT_CONVERSION = YES_AGGRESSIVE;
				CLANG_CXX_LANGUAGE_STANDARD = "gnu++20";
				CLANG_ENABLE_MODULES = YES;
				CLANG_ENABLE_OBJC_ARC = YES;
				CLANG_ENABLE_OBJC_WEAK = YES;
				CLANG_WARN_BLOCK_CAPTURE_AUTORELEASING = YES;
				CLANG_WARN_BOOL_CONVERSION = YES;
				CLANG_WARN_COMMA = YES;
				CLANG_WARN_CONSTANT_CONVERSION = YES;
				CLANG_WARN_DEPRECATED_OBJC_IMPLEMENTATIONS = YES;
				CLANG_WARN_DIRECT_OBJC_ISA_USAGE = YES_ERROR;
				CLANG_WARN_DOCUMENTATION_COMMENTS = YES;
				CLANG_WARN_EMPTY_BODY = YES;
				CLANG_WARN_ENUM_CONVERSION = YES;
				CLANG_WARN_INFINITE_RECURSION = YES;
				CLANG_WARN_INT_CONVERSION = YES;
				CLANG_WARN_NON_LITERAL_NULL_CONVERSION = YES;
				CLANG_WARN_OBJC_IMPLICIT_RETAIN_SELF = YES;
				CLANG_WARN_OBJC_LITERAL_CONVERSION = YES;
				CLANG_WARN_OBJC_ROOT_CLASS = YES_ERROR;
				CLANG_WARN_QUOTED_INCLUDE_IN_FRAMEWORK_HEADER = YES;
				CLANG_WARN_RANGE_LOOP_ANALYSIS = YES;
				CLANG_WARN_STRICT_PROTOTYPES = YES;
				CLANG_WARN_SUSPICIOUS_MOVE = YES;
				CLANG_WARN_UNGUARDED_AVAILABILITY = YES_AGGRESSIVE;
				CLANG_WARN_UNREACHABLE_CODE = YES;
				CLANG_WARN__DUPLICATE_METHOD_MATCH = YES;
				COPY_PHASE_STRIP = NO;
				DEBUG_INFORMATION_FORMAT = "dwarf-with-dsym";
				ENABLE_NS_ASSERTIONS = NO;
				ENABLE_STRICT_OBJC_MSGSEND = YES;
				ENABLE_USER_SCRIPT_SANDBOXING = YES;
				GCC_C_LANGUAGE_STANDARD = gnu17;
				GCC_NO_COMMON_BLOCKS = YES;
				GCC_WARN_64_TO_32_BIT_CONVERSION = YES;
				GCC_WARN_ABOUT_RETURN_TYPE = YES_ERROR;
				GCC_WARN_UNDECLARED_SELECTOR = YES;
				GCC_WARN_UNINITIALIZED_AUTOS = YES_AGGRESSIVE;
				GCC_WARN_UNUSED_FUNCTION = YES;
				GCC_WARN_UNUSED_VARIABLE = YES;
				IPHONEOS_DEPLOYMENT_TARGET = 17.0;
				LOCALIZATION_PREFERS_STRING_CATALOGS = YES;
				MTL_ENABLE_DEBUG_INFO = NO;
				MTL_FAST_MATH = YES;
				SDKROOT = iphoneos;
				SWIFT_COMPILATION_MODE = wholemodule;
				VALIDATE_PRODUCT = YES;
			};
			name = Release;
		};
		55BDE9742C038679001ADF3E /* Debug */ = {
			isa = XCBuildConfiguration;
			buildSettings = {
				ASSETCATALOG_COMPILER_APPICON_NAME = AppIcon;
				ASSETCATALOG_COMPILER_GLOBAL_ACCENT_COLOR_NAME = AccentColor;
				CODE_SIGN_STYLE = Automatic;
				CURRENT_PROJECT_VERSION = 1;
				DEVELOPMENT_ASSET_PATHS = "\"natours/Preview Content\"";
				ENABLE_PREVIEWS = YES;
				GENERATE_INFOPLIST_FILE = YES;
				INFOPLIST_KEY_UIApplicationSceneManifest_Generation = YES;
				INFOPLIST_KEY_UIApplicationSupportsIndirectInputEvents = YES;
				INFOPLIST_KEY_UILaunchScreen_Generation = YES;
				INFOPLIST_KEY_UISupportedInterfaceOrientations_iPad = "UIInterfaceOrientationPortrait UIInterfaceOrientationPortraitUpsideDown UIInterfaceOrientationLandscapeLeft UIInterfaceOrientationLandscapeRight";
				INFOPLIST_KEY_UISupportedInterfaceOrientations_iPhone = "UIInterfaceOrientationPortrait UIInterfaceOrientationLandscapeLeft UIInterfaceOrientationLandscapeRight";
				LD_RUNPATH_SEARCH_PATHS = (
					"$(inherited)",
					"@executable_path/Frameworks",
				);
				MARKETING_VERSION = 1.0;
				PRODUCT_BUNDLE_IDENTIFIER = geeshniramchurn.natours;
				PRODUCT_NAME = "$(TARGET_NAME)";
				SWIFT_EMIT_LOC_STRINGS = YES;
				SWIFT_VERSION = 5.0;
				TARGETED_DEVICE_FAMILY = "1,2";
			};
			name = Debug;
		};
		55BDE9752C038679001ADF3E /* Release */ = {
			isa = XCBuildConfiguration;
			buildSettings = {
				ASSETCATALOG_COMPILER_APPICON_NAME = AppIcon;
				ASSETCATALOG_COMPILER_GLOBAL_ACCENT_COLOR_NAME = AccentColor;
				CODE_SIGN_STYLE = Automatic;
				CURRENT_PROJECT_VERSION = 1;
				DEVELOPMENT_ASSET_PATHS = "\"natours/Preview Content\"";
				ENABLE_PREVIEWS = YES;
				GENERATE_INFOPLIST_FILE = YES;
				INFOPLIST_KEY_UIApplicationSceneManifest_Generation = YES;
				INFOPLIST_KEY_UIApplicationSupportsIndirectInputEvents = YES;
				INFOPLIST_KEY_UILaunchScreen_Generation = YES;
				INFOPLIST_KEY_UISupportedInterfaceOrientations_iPad = "UIInterfaceOrientationPortrait UIInterfaceOrientationPortraitUpsideDown UIInterfaceOrientationLandscapeLeft UIInterfaceOrientationLandscapeRight";
				INFOPLIST_KEY_UISupportedInterfaceOrientations_iPhone = "UIInterfaceOrientationPortrait UIInterfaceOrientationLandscapeLeft UIInterfaceOrientationLandscapeRight";
				LD_RUNPATH_SEARCH_PATHS = (
					"$(inherited)",
					"@executable_path/Frameworks",
				);
				MARKETING_VERSION = 1.0;
				PRODUCT_BUNDLE_IDENTIFIER = geeshniramchurn.natours;
				PRODUCT_NAME = "$(TARGET_NAME)";
				SWIFT_EMIT_LOC_STRINGS = YES;
				SWIFT_VERSION = 5.0;
				TARGETED_DEVICE_FAMILY = "1,2";
			};
			name = Release;
		};
		55BDE9772C038679001ADF3E /* Debug */ = {
			isa = XCBuildConfiguration;
			buildSettings = {
				ALWAYS_EMBED_SWIFT_STANDARD_LIBRARIES = YES;
				BUNDLE_LOADER = "$(TEST_HOST)";
				CODE_SIGN_STYLE = Automatic;
				CURRENT_PROJECT_VERSION = 1;
				GENERATE_INFOPLIST_FILE = YES;
				IPHONEOS_DEPLOYMENT_TARGET = 17.0;
				MARKETING_VERSION = 1.0;
				PRODUCT_BUNDLE_IDENTIFIER = geeshniramchurn.natoursTests;
				PRODUCT_NAME = "$(TARGET_NAME)";
				SWIFT_EMIT_LOC_STRINGS = NO;
				SWIFT_VERSION = 5.0;
				TARGETED_DEVICE_FAMILY = "1,2";
				TEST_HOST = "$(BUILT_PRODUCTS_DIR)/natours.app/$(BUNDLE_EXECUTABLE_FOLDER_PATH)/natours";
			};
			name = Debug;
		};
		55BDE9782C038679001ADF3E /* Release */ = {
			isa = XCBuildConfiguration;
			buildSettings = {
				ALWAYS_EMBED_SWIFT_STANDARD_LIBRARIES = YES;
				BUNDLE_LOADER = "$(TEST_HOST)";
				CODE_SIGN_STYLE = Automatic;
				CURRENT_PROJECT_VERSION = 1;
				GENERATE_INFOPLIST_FILE = YES;
				IPHONEOS_DEPLOYMENT_TARGET = 17.0;
				MARKETING_VERSION = 1.0;
				PRODUCT_BUNDLE_IDENTIFIER = geeshniramchurn.natoursTests;
				PRODUCT_NAME = "$(TARGET_NAME)";
				SWIFT_EMIT_LOC_STRINGS = NO;
				SWIFT_VERSION = 5.0;
				TARGETED_DEVICE_FAMILY = "1,2";
				TEST_HOST = "$(BUILT_PRODUCTS_DIR)/natours.app/$(BUNDLE_EXECUTABLE_FOLDER_PATH)/natours";
			};
			name = Release;
		};
		55BDE97A2C038679001ADF3E /* Debug */ = {
			isa = XCBuildConfiguration;
			buildSettings = {
				ALWAYS_EMBED_SWIFT_STANDARD_LIBRARIES = YES;
				CODE_SIGN_STYLE = Automatic;
				CURRENT_PROJECT_VERSION = 1;
				GENERATE_INFOPLIST_FILE = YES;
				MARKETING_VERSION = 1.0;
				PRODUCT_BUNDLE_IDENTIFIER = geeshniramchurn.natoursUITests;
				PRODUCT_NAME = "$(TARGET_NAME)";
				SWIFT_EMIT_LOC_STRINGS = NO;
				SWIFT_VERSION = 5.0;
				TARGETED_DEVICE_FAMILY = "1,2";
				TEST_TARGET_NAME = natours;
			};
			name = Debug;
		};
		55BDE97B2C038679001ADF3E /* Release */ = {
			isa = XCBuildConfiguration;
			buildSettings = {
				ALWAYS_EMBED_SWIFT_STANDARD_LIBRARIES = YES;
				CODE_SIGN_STYLE = Automatic;
				CURRENT_PROJECT_VERSION = 1;
				GENERATE_INFOPLIST_FILE = YES;
				MARKETING_VERSION = 1.0;
				PRODUCT_BUNDLE_IDENTIFIER = geeshniramchurn.natoursUITests;
				PRODUCT_NAME = "$(TARGET_NAME)";
				SWIFT_EMIT_LOC_STRINGS = NO;
				SWIFT_VERSION = 5.0;
				TARGETED_DEVICE_FAMILY = "1,2";
				TEST_TARGET_NAME = natours;
			};
			name = Release;
		};
/* End XCBuildConfiguration section */

/* Begin XCConfigurationList section */
		55BDE94A2C038678001ADF3E /* Build configuration list for PBXProject "natours" */ = {
			isa = XCConfigurationList;
			buildConfigurations = (
				55BDE9712C038679001ADF3E /* Debug */,
				55BDE9722C038679001ADF3E /* Release */,
			);
			defaultConfigurationIsVisible = 0;
			defaultConfigurationName = Release;
		};
		55BDE9732C038679001ADF3E /* Build configuration list for PBXNativeTarget "natours" */ = {
			isa = XCConfigurationList;
			buildConfigurations = (
				55BDE9742C038679001ADF3E /* Debug */,
				55BDE9752C038679001ADF3E /* Release */,
			);
			defaultConfigurationIsVisible = 0;
			defaultConfigurationName = Release;
		};
		55BDE9762C038679001ADF3E /* Build configuration list for PBXNativeTarget "natoursTests" */ = {
			isa = XCConfigurationList;
			buildConfigurations = (
				55BDE9772C038679001ADF3E /* Debug */,
				55BDE9782C038679001ADF3E /* Release */,
			);
			defaultConfigurationIsVisible = 0;
			defaultConfigurationName = Release;
		};
		55BDE9792C038679001ADF3E /* Build configuration list for PBXNativeTarget "natoursUITests" */ = {
			isa = XCConfigurationList;
			buildConfigurations = (
				55BDE97A2C038679001ADF3E /* Debug */,
				55BDE97B2C038679001ADF3E /* Release */,
			);
			defaultConfigurationIsVisible = 0;
			defaultConfigurationName = Release;
		};
/* End XCConfigurationList section */
	};
	rootObject = 55BDE9472C038678001ADF3E /* Project object */;
}
